
Microsoft Visual Studio Solution File, Format Version 12.00
# Visual Studio Version 16
VisualStudioVersion = 16.0.30804.86
MinimumVisualStudioVersion = 10.0.40219.1
Project("{FAE04EC0-301F-11D3-BF4B-00C04F79EFBC}") = "Супер игра 2", "Супер игра 2\Супер игра 2.csproj", "{7BC370FE-F739-4D59-B3CA-29FEC13D73FD}"
EndProject
Global
	GlobalSection(SolutionConfigurationPlatforms) = preSolution
		Debug|Any CPU = Debug|Any CPU
		Release|Any CPU = Release|Any CPU
	EndGlobalSection
	GlobalSection(ProjectConfigurationPlatforms) = postSolution
		{7BC370FE-F739-4D59-B3CA-29FEC13D73FD}.Debug|Any CPU.ActiveCfg = Debug|Any CPU
		{7BC370FE-F739-4D59-B3CA-29FEC13D73FD}.Debug|Any CPU.Build.0 = Debug|Any CPU
		{7BC370FE-F739-4D59-B3CA-29FEC13D73FD}.Release|Any CPU.ActiveCfg = Release|Any CPU
		{7BC370FE-F739-4D59-B3CA-29FEC13D73FD}.Release|Any CPU.Build.0 = Release|Any CPU
	EndGlobalSection
	GlobalSection(SolutionProperties) = preSolution
		HideSolutionNode = FALSE
	EndGlobalSection
	GlobalSection(ExtensibilityGlobals) = postSolution
		SolutionGuid = {A442AD14-DDC1-40BE-A36A-12CFB96896B1}
	EndGlobalSection
EndGlobal
